
Microsoft Visual Studio Solution File, Format Version 12.00
# Visual Studio Version 16
VisualStudioVersion = 16.0.30413.136
MinimumVisualStudioVersion = 10.0.40219.1
Project("{8BC9CEB8-8B4A-11D0-8D11-00A0C91BC942}") = "LW6N1", "LW6\LW6.vcxproj", "{2DCBEA89-8B34-4EA3-BF2F-4BA96D4E15ED}"
EndProject
Project("{8BC9CEB8-8B4A-11D0-8D11-00A0C91BC942}") = "LW6N2", "LWN2\LWN2.vcxproj", "{47643E59-D279-43B8-8CC1-D73D1BC351EE}"
EndProject
Project("{8BC9CEB8-8B4A-11D0-8D11-00A0C91BC942}") = "LW6N3", "LW7N3\LW7N3.vcxproj", "{9BF5F011-7F97-45FE-AF8F-EB27EEDD81FF}"
EndProject
Project("{8BC9CEB8-8B4A-11D0-8D11-00A0C91BC942}") = "LW6N4", "LW6N4\LW6N4.vcxproj", "{00CBB9FE-AA53-46E0-899D-E7EF10E69EFE}"
EndProject
Project("{8BC9CEB8-8B4A-11D0-8D11-00A0C91BC942}") = "LW6N5", "LW6N5\LW6N5.vcxproj", "{4F4C8B5A-5C7E-42EE-8197-8AB02A230F94}"
EndProject
Project("{8BC9CEB8-8B4A-11D0-8D11-00A0C91BC942}") = "LW6N6", "LW6N6\LW6N6.vcxproj", "{58C69467-8BA6-44B3-9012-93F88F98A563}"
EndProject
Project("{8BC9CEB8-8B4A-11D0-8D11-00A0C91BC942}") = "LW6N7", "LW6N7\LW6N7.vcxproj", "{6CF8620E-27E5-4BBE-809E-24E0918B4E98}"
EndProject
Global
	GlobalSection(SolutionConfigurationPlatforms) = preSolution
		Debug|x64 = Debug|x64
		Debug|x86 = Debug|x86
		Release|x64 = Release|x64
		Release|x86 = Release|x86
	EndGlobalSection
	GlobalSection(ProjectConfigurationPlatforms) = postSolution
		{2DCBEA89-8B34-4EA3-BF2F-4BA96D4E15ED}.Debug|x64.ActiveCfg = Debug|x64
		{2DCBEA89-8B34-4EA3-BF2F-4BA96D4E15ED}.Debug|x64.Build.0 = Debug|x64
		{2DCBEA89-8B34-4EA3-BF2F-4BA96D4E15ED}.Debug|x86.ActiveCfg = Debug|Win32
		{2DCBEA89-8B34-4EA3-BF2F-4BA96D4E15ED}.Debug|x86.Build.0 = Debug|Win32
		{2DCBEA89-8B34-4EA3-BF2F-4BA96D4E15ED}.Release|x64.ActiveCfg = Release|x64
		{2DCBEA89-8B34-4EA3-BF2F-4BA96D4E15ED}.Release|x64.Build.0 = Release|x64
		{2DCBEA89-8B34-4EA3-BF2F-4BA96D4E15ED}.Release|x86.ActiveCfg = Release|Win32
		{2DCBEA89-8B34-4EA3-BF2F-4BA96D4E15ED}.Release|x86.Build.0 = Release|Win32
		{47643E59-D279-43B8-8CC1-D73D1BC351EE}.Debug|x64.ActiveCfg = Debug|x64
		{47643E59-D279-43B8-8CC1-D73D1BC351EE}.Debug|x64.Build.0 = Debug|x64
		{47643E59-D279-43B8-8CC1-D73D1BC351EE}.Debug|x86.ActiveCfg = Debug|Win32
		{47643E59-D279-43B8-8CC1-D73D1BC351EE}.Debug|x86.Build.0 = Debug|Win32
		{47643E59-D279-43B8-8CC1-D73D1BC351EE}.Release|x64.ActiveCfg = Release|x64
		{47643E59-D279-43B8-8CC1-D73D1BC351EE}.Release|x64.Build.0 = Release|x64
		{47643E59-D279-43B8-8CC1-D73D1BC351EE}.Release|x86.ActiveCfg = Release|Win32
		{47643E59-D279-43B8-8CC1-D73D1BC351EE}.Release|x86.Build.0 = Release|Win32
		{9BF5F011-7F97-45FE-AF8F-EB27EEDD81FF}.Debug|x64.ActiveCfg = Debug|x64
		{9BF5F011-7F97-45FE-AF8F-EB27EEDD81FF}.Debug|x64.Build.0 = Debug|x64
		{9BF5F011-7F97-45FE-AF8F-EB27EEDD81FF}.Debug|x86.ActiveCfg = Debug|Win32
		{9BF5F011-7F97-45FE-AF8F-EB27EEDD81FF}.Debug|x86.Build.0 = Debug|Win32
		{9BF5F011-7F97-45FE-AF8F-EB27EEDD81FF}.Release|x64.ActiveCfg = Release|x64
		{9BF5F011-7F97-45FE-AF8F-EB27EEDD81FF}.Release|x64.Build.0 = Release|x64
		{9BF5F011-7F97-45FE-AF8F-EB27EEDD81FF}.Release|x86.ActiveCfg = Release|Win32
		{9BF5F011-7F97-45FE-AF8F-EB27EEDD81FF}.Release|x86.Build.0 = Release|Win32
		{00CBB9FE-AA53-46E0-899D-E7EF10E69EFE}.Debug|x64.ActiveCfg = Debug|x64
		{00CBB9FE-AA53-46E0-899D-E7EF10E69EFE}.Debug|x64.Build.0 = Debug|x64
		{00CBB9FE-AA53-46E0-899D-E7EF10E69EFE}.Debug|x86.ActiveCfg = Debug|Win32
		{00CBB9FE-AA53-46E0-899D-E7EF10E69EFE}.Debug|x86.Build.0 = Debug|Win32
		{00CBB9FE-AA53-46E0-899D-E7EF10E69EFE}.Release|x64.ActiveCfg = Release|x64
		{00CBB9FE-AA53-46E0-899D-E7EF10E69EFE}.Release|x64.Build.0 = Release|x64
		{00CBB9FE-AA53-46E0-899D-E7EF10E69EFE}.Release|x86.ActiveCfg = Release|Win32
		{00CBB9FE-AA53-46E0-899D-E7EF10E69EFE}.Release|x86.Build.0 = Release|Win32
		{4F4C8B5A-5C7E-42EE-8197-8AB02A230F94}.Debug|x64.ActiveCfg = Debug|x64
		{4F4C8B5A-5C7E-42EE-8197-8AB02A230F94}.Debug|x64.Build.0 = Debug|x64
		{4F4C8B5A-5C7E-42EE-8197-8AB02A230F94}.Debug|x86.ActiveCfg = Debug|Win32
		{4F4C8B5A-5C7E-42EE-8197-8AB02A230F94}.Debug|x86.Build.0 = Debug|Win32
		{4F4C8B5A-5C7E-42EE-8197-8AB02A230F94}.Release|x64.ActiveCfg = Release|x64
		{4F4C8B5A-5C7E-42EE-8197-8AB02A230F94}.Release|x64.Build.0 = Release|x64
		{4F4C8B5A-5C7E-42EE-8197-8AB02A230F94}.Release|x86.ActiveCfg = Release|Win32
		{4F4C8B5A-5C7E-42EE-8197-8AB02A230F94}.Release|x86.Build.0 = Release|Win32
		{58C69467-8BA6-44B3-9012-93F88F98A563}.Debug|x64.ActiveCfg = Debug|x64
		{58C69467-8BA6-44B3-9012-93F88F98A563}.Debug|x64.Build.0 = Debug|x64
		{58C69467-8BA6-44B3-9012-93F88F98A563}.Debug|x86.ActiveCfg = Debug|Win32
		{58C69467-8BA6-44B3-9012-93F88F98A563}.Debug|x86.Build.0 = Debug|Win32
		{58C69467-8BA6-44B3-9012-93F88F98A563}.Release|x64.ActiveCfg = Release|x64
		{58C69467-8BA6-44B3-9012-93F88F98A563}.Release|x64.Build.0 = Release|x64
		{58C69467-8BA6-44B3-9012-93F88F98A563}.Release|x86.ActiveCfg = Release|Win32
		{58C69467-8BA6-44B3-9012-93F88F98A563}.Release|x86.Build.0 = Release|Win32
		{6CF8620E-27E5-4BBE-809E-24E0918B4E98}.Debug|x64.ActiveCfg = Debug|x64
		{6CF8620E-27E5-4BBE-809E-24E0918B4E98}.Debug|x64.Build.0 = Debug|x64
		{6CF8620E-27E5-4BBE-809E-24E0918B4E98}.Debug|x86.ActiveCfg = Debug|Win32
		{6CF8620E-27E5-4BBE-809E-24E0918B4E98}.Debug|x86.Build.0 = Debug|Win32
		{6CF8620E-27E5-4BBE-809E-24E0918B4E98}.Release|x64.ActiveCfg = Release|x64
		{6CF8620E-27E5-4BBE-809E-24E0918B4E98}.Release|x64.Build.0 = Release|x64
		{6CF8620E-27E5-4BBE-809E-24E0918B4E98}.Release|x86.ActiveCfg = Release|Win32
		{6CF8620E-27E5-4BBE-809E-24E0918B4E98}.Release|x86.Build.0 = Release|Win32
	EndGlobalSection
	GlobalSection(SolutionProperties) = preSolution
		HideSolutionNode = FALSE
	EndGlobalSection
	GlobalSection(ExtensibilityGlobals) = postSolution
		SolutionGuid = {76966CC6-3936-44A5-B0BB-75C394CC1B48}
	EndGlobalSection
EndGlobal
