
Microsoft Visual Studio Solution File, Format Version 12.00
# Visual Studio Version 16
VisualStudioVersion = 16.0.30413.136
MinimumVisualStudioVersion = 10.0.40219.1
Project("{8BC9CEB8-8B4A-11D0-8D11-00A0C91BC942}") = "LW13N1", "LW13N1\LW13N1.vcxproj", "{EEC91FC7-0AC5-4F87-9256-260F19AEC5DF}"
EndProject
Project("{8BC9CEB8-8B4A-11D0-8D11-00A0C91BC942}") = "LW13N2", "LW13N2\LW13N2.vcxproj", "{CE443399-D31C-422D-A20B-BCEAE6759246}"
EndProject
Project("{8BC9CEB8-8B4A-11D0-8D11-00A0C91BC942}") = "LW13N3", "LW13N3\LW13N3.vcxproj", "{F9F73942-C603-48CD-A516-050100A44904}"
EndProject
Project("{8BC9CEB8-8B4A-11D0-8D11-00A0C91BC942}") = "LW13N4", "LW13N4\LW13N4.vcxproj", "{5E113E7C-D44D-4A2C-ABAB-4604BCE83EF4}"
EndProject
Project("{8BC9CEB8-8B4A-11D0-8D11-00A0C91BC942}") = "LW13N5", "LW13N5\LW13N5.vcxproj", "{440A8BB3-B8DA-45E2-9633-5B81CDDA4C4B}"
EndProject
Global
	GlobalSection(SolutionConfigurationPlatforms) = preSolution
		Debug|x64 = Debug|x64
		Debug|x86 = Debug|x86
		Release|x64 = Release|x64
		Release|x86 = Release|x86
	EndGlobalSection
	GlobalSection(ProjectConfigurationPlatforms) = postSolution
		{EEC91FC7-0AC5-4F87-9256-260F19AEC5DF}.Debug|x64.ActiveCfg = Debug|x64
		{EEC91FC7-0AC5-4F87-9256-260F19AEC5DF}.Debug|x64.Build.0 = Debug|x64
		{EEC91FC7-0AC5-4F87-9256-260F19AEC5DF}.Debug|x86.ActiveCfg = Debug|Win32
		{EEC91FC7-0AC5-4F87-9256-260F19AEC5DF}.Debug|x86.Build.0 = Debug|Win32
		{EEC91FC7-0AC5-4F87-9256-260F19AEC5DF}.Release|x64.ActiveCfg = Release|x64
		{EEC91FC7-0AC5-4F87-9256-260F19AEC5DF}.Release|x64.Build.0 = Release|x64
		{EEC91FC7-0AC5-4F87-9256-260F19AEC5DF}.Release|x86.ActiveCfg = Release|Win32
		{EEC91FC7-0AC5-4F87-9256-260F19AEC5DF}.Release|x86.Build.0 = Release|Win32
		{CE443399-D31C-422D-A20B-BCEAE6759246}.Debug|x64.ActiveCfg = Debug|x64
		{CE443399-D31C-422D-A20B-BCEAE6759246}.Debug|x64.Build.0 = Debug|x64
		{CE443399-D31C-422D-A20B-BCEAE6759246}.Debug|x86.ActiveCfg = Debug|Win32
		{CE443399-D31C-422D-A20B-BCEAE6759246}.Debug|x86.Build.0 = Debug|Win32
		{CE443399-D31C-422D-A20B-BCEAE6759246}.Release|x64.ActiveCfg = Release|x64
		{CE443399-D31C-422D-A20B-BCEAE6759246}.Release|x64.Build.0 = Release|x64
		{CE443399-D31C-422D-A20B-BCEAE6759246}.Release|x86.ActiveCfg = Release|Win32
		{CE443399-D31C-422D-A20B-BCEAE6759246}.Release|x86.Build.0 = Release|Win32
		{F9F73942-C603-48CD-A516-050100A44904}.Debug|x64.ActiveCfg = Debug|x64
		{F9F73942-C603-48CD-A516-050100A44904}.Debug|x64.Build.0 = Debug|x64
		{F9F73942-C603-48CD-A516-050100A44904}.Debug|x86.ActiveCfg = Debug|Win32
		{F9F73942-C603-48CD-A516-050100A44904}.Debug|x86.Build.0 = Debug|Win32
		{F9F73942-C603-48CD-A516-050100A44904}.Release|x64.ActiveCfg = Release|x64
		{F9F73942-C603-48CD-A516-050100A44904}.Release|x64.Build.0 = Release|x64
		{F9F73942-C603-48CD-A516-050100A44904}.Release|x86.ActiveCfg = Release|Win32
		{F9F73942-C603-48CD-A516-050100A44904}.Release|x86.Build.0 = Release|Win32
		{5E113E7C-D44D-4A2C-ABAB-4604BCE83EF4}.Debug|x64.ActiveCfg = Debug|x64
		{5E113E7C-D44D-4A2C-ABAB-4604BCE83EF4}.Debug|x64.Build.0 = Debug|x64
		{5E113E7C-D44D-4A2C-ABAB-4604BCE83EF4}.Debug|x86.ActiveCfg = Debug|Win32
		{5E113E7C-D44D-4A2C-ABAB-4604BCE83EF4}.Debug|x86.Build.0 = Debug|Win32
		{5E113E7C-D44D-4A2C-ABAB-4604BCE83EF4}.Release|x64.ActiveCfg = Release|x64
		{5E113E7C-D44D-4A2C-ABAB-4604BCE83EF4}.Release|x64.Build.0 = Release|x64
		{5E113E7C-D44D-4A2C-ABAB-4604BCE83EF4}.Release|x86.ActiveCfg = Release|Win32
		{5E113E7C-D44D-4A2C-ABAB-4604BCE83EF4}.Release|x86.Build.0 = Release|Win32
		{440A8BB3-B8DA-45E2-9633-5B81CDDA4C4B}.Debug|x64.ActiveCfg = Debug|x64
		{440A8BB3-B8DA-45E2-9633-5B81CDDA4C4B}.Debug|x64.Build.0 = Debug|x64
		{440A8BB3-B8DA-45E2-9633-5B81CDDA4C4B}.Debug|x86.ActiveCfg = Debug|Win32
		{440A8BB3-B8DA-45E2-9633-5B81CDDA4C4B}.Debug|x86.Build.0 = Debug|Win32
		{440A8BB3-B8DA-45E2-9633-5B81CDDA4C4B}.Release|x64.ActiveCfg = Release|x64
		{440A8BB3-B8DA-45E2-9633-5B81CDDA4C4B}.Release|x64.Build.0 = Release|x64
		{440A8BB3-B8DA-45E2-9633-5B81CDDA4C4B}.Release|x86.ActiveCfg = Release|Win32
		{440A8BB3-B8DA-45E2-9633-5B81CDDA4C4B}.Release|x86.Build.0 = Release|Win32
	EndGlobalSection
	GlobalSection(SolutionProperties) = preSolution
		HideSolutionNode = FALSE
	EndGlobalSection
	GlobalSection(ExtensibilityGlobals) = postSolution
		SolutionGuid = {297E6D1E-24DC-455E-99F2-3F52167D510D}
	EndGlobalSection
EndGlobal
