
Microsoft Visual Studio Solution File, Format Version 12.00
# Visual Studio Version 16
VisualStudioVersion = 16.0.30413.136
MinimumVisualStudioVersion = 10.0.40219.1
Project("{8BC9CEB8-8B4A-11D0-8D11-00A0C91BC942}") = "LW11N1", "LW11N1\LW11N1.vcxproj", "{D6F29DAA-E574-4E42-B0D9-C641E804BD43}"
EndProject
Project("{8BC9CEB8-8B4A-11D0-8D11-00A0C91BC942}") = "LW11N2", "LW11N2\LW11N2.vcxproj", "{0D3E205D-B9B1-490B-A305-8D1ED20C7E3F}"
EndProject
Project("{8BC9CEB8-8B4A-11D0-8D11-00A0C91BC942}") = "LW11N3", "LW11N3\LW11N3.vcxproj", "{49CD40EC-5C36-4F82-968B-0E424A52E11F}"
EndProject
Project("{8BC9CEB8-8B4A-11D0-8D11-00A0C91BC942}") = "LW11N4", "LW11N4\LW11N4.vcxproj", "{101F98DE-EEA7-45A1-B3EE-729B2DE9693D}"
EndProject
Project("{8BC9CEB8-8B4A-11D0-8D11-00A0C91BC942}") = "LW11N5", "LW11N5\LW11N5.vcxproj", "{E35326DF-C090-481B-8058-3EF9D9734306}"
EndProject
Project("{8BC9CEB8-8B4A-11D0-8D11-00A0C91BC942}") = "LW11N6", "LW11N6\LW11N6.vcxproj", "{AE6E9185-D844-420F-9A3C-2AA0DDBC836D}"
EndProject
Global
	GlobalSection(SolutionConfigurationPlatforms) = preSolution
		Debug|x64 = Debug|x64
		Debug|x86 = Debug|x86
		Release|x64 = Release|x64
		Release|x86 = Release|x86
	EndGlobalSection
	GlobalSection(ProjectConfigurationPlatforms) = postSolution
		{D6F29DAA-E574-4E42-B0D9-C641E804BD43}.Debug|x64.ActiveCfg = Debug|x64
		{D6F29DAA-E574-4E42-B0D9-C641E804BD43}.Debug|x64.Build.0 = Debug|x64
		{D6F29DAA-E574-4E42-B0D9-C641E804BD43}.Debug|x86.ActiveCfg = Debug|Win32
		{D6F29DAA-E574-4E42-B0D9-C641E804BD43}.Debug|x86.Build.0 = Debug|Win32
		{D6F29DAA-E574-4E42-B0D9-C641E804BD43}.Release|x64.ActiveCfg = Release|x64
		{D6F29DAA-E574-4E42-B0D9-C641E804BD43}.Release|x64.Build.0 = Release|x64
		{D6F29DAA-E574-4E42-B0D9-C641E804BD43}.Release|x86.ActiveCfg = Release|Win32
		{D6F29DAA-E574-4E42-B0D9-C641E804BD43}.Release|x86.Build.0 = Release|Win32
		{0D3E205D-B9B1-490B-A305-8D1ED20C7E3F}.Debug|x64.ActiveCfg = Debug|x64
		{0D3E205D-B9B1-490B-A305-8D1ED20C7E3F}.Debug|x64.Build.0 = Debug|x64
		{0D3E205D-B9B1-490B-A305-8D1ED20C7E3F}.Debug|x86.ActiveCfg = Debug|Win32
		{0D3E205D-B9B1-490B-A305-8D1ED20C7E3F}.Debug|x86.Build.0 = Debug|Win32
		{0D3E205D-B9B1-490B-A305-8D1ED20C7E3F}.Release|x64.ActiveCfg = Release|x64
		{0D3E205D-B9B1-490B-A305-8D1ED20C7E3F}.Release|x64.Build.0 = Release|x64
		{0D3E205D-B9B1-490B-A305-8D1ED20C7E3F}.Release|x86.ActiveCfg = Release|Win32
		{0D3E205D-B9B1-490B-A305-8D1ED20C7E3F}.Release|x86.Build.0 = Release|Win32
		{49CD40EC-5C36-4F82-968B-0E424A52E11F}.Debug|x64.ActiveCfg = Debug|x64
		{49CD40EC-5C36-4F82-968B-0E424A52E11F}.Debug|x64.Build.0 = Debug|x64
		{49CD40EC-5C36-4F82-968B-0E424A52E11F}.Debug|x86.ActiveCfg = Debug|Win32
		{49CD40EC-5C36-4F82-968B-0E424A52E11F}.Debug|x86.Build.0 = Debug|Win32
		{49CD40EC-5C36-4F82-968B-0E424A52E11F}.Release|x64.ActiveCfg = Release|x64
		{49CD40EC-5C36-4F82-968B-0E424A52E11F}.Release|x64.Build.0 = Release|x64
		{49CD40EC-5C36-4F82-968B-0E424A52E11F}.Release|x86.ActiveCfg = Release|Win32
		{49CD40EC-5C36-4F82-968B-0E424A52E11F}.Release|x86.Build.0 = Release|Win32
		{101F98DE-EEA7-45A1-B3EE-729B2DE9693D}.Debug|x64.ActiveCfg = Debug|x64
		{101F98DE-EEA7-45A1-B3EE-729B2DE9693D}.Debug|x64.Build.0 = Debug|x64
		{101F98DE-EEA7-45A1-B3EE-729B2DE9693D}.Debug|x86.ActiveCfg = Debug|Win32
		{101F98DE-EEA7-45A1-B3EE-729B2DE9693D}.Debug|x86.Build.0 = Debug|Win32
		{101F98DE-EEA7-45A1-B3EE-729B2DE9693D}.Release|x64.ActiveCfg = Release|x64
		{101F98DE-EEA7-45A1-B3EE-729B2DE9693D}.Release|x64.Build.0 = Release|x64
		{101F98DE-EEA7-45A1-B3EE-729B2DE9693D}.Release|x86.ActiveCfg = Release|Win32
		{101F98DE-EEA7-45A1-B3EE-729B2DE9693D}.Release|x86.Build.0 = Release|Win32
		{E35326DF-C090-481B-8058-3EF9D9734306}.Debug|x64.ActiveCfg = Debug|x64
		{E35326DF-C090-481B-8058-3EF9D9734306}.Debug|x64.Build.0 = Debug|x64
		{E35326DF-C090-481B-8058-3EF9D9734306}.Debug|x86.ActiveCfg = Debug|Win32
		{E35326DF-C090-481B-8058-3EF9D9734306}.Debug|x86.Build.0 = Debug|Win32
		{E35326DF-C090-481B-8058-3EF9D9734306}.Release|x64.ActiveCfg = Release|x64
		{E35326DF-C090-481B-8058-3EF9D9734306}.Release|x64.Build.0 = Release|x64
		{E35326DF-C090-481B-8058-3EF9D9734306}.Release|x86.ActiveCfg = Release|Win32
		{E35326DF-C090-481B-8058-3EF9D9734306}.Release|x86.Build.0 = Release|Win32
		{AE6E9185-D844-420F-9A3C-2AA0DDBC836D}.Debug|x64.ActiveCfg = Debug|x64
		{AE6E9185-D844-420F-9A3C-2AA0DDBC836D}.Debug|x64.Build.0 = Debug|x64
		{AE6E9185-D844-420F-9A3C-2AA0DDBC836D}.Debug|x86.ActiveCfg = Debug|Win32
		{AE6E9185-D844-420F-9A3C-2AA0DDBC836D}.Debug|x86.Build.0 = Debug|Win32
		{AE6E9185-D844-420F-9A3C-2AA0DDBC836D}.Release|x64.ActiveCfg = Release|x64
		{AE6E9185-D844-420F-9A3C-2AA0DDBC836D}.Release|x64.Build.0 = Release|x64
		{AE6E9185-D844-420F-9A3C-2AA0DDBC836D}.Release|x86.ActiveCfg = Release|Win32
		{AE6E9185-D844-420F-9A3C-2AA0DDBC836D}.Release|x86.Build.0 = Release|Win32
	EndGlobalSection
	GlobalSection(SolutionProperties) = preSolution
		HideSolutionNode = FALSE
	EndGlobalSection
	GlobalSection(ExtensibilityGlobals) = postSolution
		SolutionGuid = {AF867E9A-69D7-4060-91F6-4606DF31D8E3}
	EndGlobalSection
EndGlobal
