
Microsoft Visual Studio Solution File, Format Version 12.00
# Visual Studio Version 16
VisualStudioVersion = 16.0.30717.126
MinimumVisualStudioVersion = 10.0.40219.1
Project("{8BC9CEB8-8B4A-11D0-8D11-00A0C91BC942}") = "LW14N1", "LW14N1\LW14N1.vcxproj", "{CD3DAB24-4655-4448-9E68-C059484A42ED}"
EndProject
Project("{8BC9CEB8-8B4A-11D0-8D11-00A0C91BC942}") = "LW14N2", "LW14N2\LW14N2.vcxproj", "{640CBF0F-B58A-4357-8AAA-6A47881E2AA2}"
EndProject
Project("{8BC9CEB8-8B4A-11D0-8D11-00A0C91BC942}") = "LW14N3", "LW14N3\LW14N3.vcxproj", "{3994A3EC-1D4C-44C1-BD67-98D65871F75B}"
EndProject
Project("{8BC9CEB8-8B4A-11D0-8D11-00A0C91BC942}") = "LW14N4", "LW14N4\LW14N4.vcxproj", "{134BACC4-706D-4CBE-8D0B-389BC3F70CEC}"
EndProject
Project("{8BC9CEB8-8B4A-11D0-8D11-00A0C91BC942}") = "LW14N5", "LW14N5\LW14N5.vcxproj", "{0D7E3927-F7A6-4081-91FC-6C4B72B5B6C5}"
EndProject
Project("{8BC9CEB8-8B4A-11D0-8D11-00A0C91BC942}") = "LW14N6", "LW14N6\LW14N6.vcxproj", "{A1F2B209-C95C-40AA-929B-CF88F9628288}"
EndProject
Global
	GlobalSection(SolutionConfigurationPlatforms) = preSolution
		Debug|x64 = Debug|x64
		Debug|x86 = Debug|x86
		Release|x64 = Release|x64
		Release|x86 = Release|x86
	EndGlobalSection
	GlobalSection(ProjectConfigurationPlatforms) = postSolution
		{CD3DAB24-4655-4448-9E68-C059484A42ED}.Debug|x64.ActiveCfg = Debug|x64
		{CD3DAB24-4655-4448-9E68-C059484A42ED}.Debug|x64.Build.0 = Debug|x64
		{CD3DAB24-4655-4448-9E68-C059484A42ED}.Debug|x86.ActiveCfg = Debug|Win32
		{CD3DAB24-4655-4448-9E68-C059484A42ED}.Debug|x86.Build.0 = Debug|Win32
		{CD3DAB24-4655-4448-9E68-C059484A42ED}.Release|x64.ActiveCfg = Release|x64
		{CD3DAB24-4655-4448-9E68-C059484A42ED}.Release|x64.Build.0 = Release|x64
		{CD3DAB24-4655-4448-9E68-C059484A42ED}.Release|x86.ActiveCfg = Release|Win32
		{CD3DAB24-4655-4448-9E68-C059484A42ED}.Release|x86.Build.0 = Release|Win32
		{640CBF0F-B58A-4357-8AAA-6A47881E2AA2}.Debug|x64.ActiveCfg = Debug|x64
		{640CBF0F-B58A-4357-8AAA-6A47881E2AA2}.Debug|x64.Build.0 = Debug|x64
		{640CBF0F-B58A-4357-8AAA-6A47881E2AA2}.Debug|x86.ActiveCfg = Debug|Win32
		{640CBF0F-B58A-4357-8AAA-6A47881E2AA2}.Debug|x86.Build.0 = Debug|Win32
		{640CBF0F-B58A-4357-8AAA-6A47881E2AA2}.Release|x64.ActiveCfg = Release|x64
		{640CBF0F-B58A-4357-8AAA-6A47881E2AA2}.Release|x64.Build.0 = Release|x64
		{640CBF0F-B58A-4357-8AAA-6A47881E2AA2}.Release|x86.ActiveCfg = Release|Win32
		{640CBF0F-B58A-4357-8AAA-6A47881E2AA2}.Release|x86.Build.0 = Release|Win32
		{3994A3EC-1D4C-44C1-BD67-98D65871F75B}.Debug|x64.ActiveCfg = Debug|x64
		{3994A3EC-1D4C-44C1-BD67-98D65871F75B}.Debug|x64.Build.0 = Debug|x64
		{3994A3EC-1D4C-44C1-BD67-98D65871F75B}.Debug|x86.ActiveCfg = Debug|Win32
		{3994A3EC-1D4C-44C1-BD67-98D65871F75B}.Debug|x86.Build.0 = Debug|Win32
		{3994A3EC-1D4C-44C1-BD67-98D65871F75B}.Release|x64.ActiveCfg = Release|x64
		{3994A3EC-1D4C-44C1-BD67-98D65871F75B}.Release|x64.Build.0 = Release|x64
		{3994A3EC-1D4C-44C1-BD67-98D65871F75B}.Release|x86.ActiveCfg = Release|Win32
		{3994A3EC-1D4C-44C1-BD67-98D65871F75B}.Release|x86.Build.0 = Release|Win32
		{134BACC4-706D-4CBE-8D0B-389BC3F70CEC}.Debug|x64.ActiveCfg = Debug|x64
		{134BACC4-706D-4CBE-8D0B-389BC3F70CEC}.Debug|x64.Build.0 = Debug|x64
		{134BACC4-706D-4CBE-8D0B-389BC3F70CEC}.Debug|x86.ActiveCfg = Debug|Win32
		{134BACC4-706D-4CBE-8D0B-389BC3F70CEC}.Debug|x86.Build.0 = Debug|Win32
		{134BACC4-706D-4CBE-8D0B-389BC3F70CEC}.Release|x64.ActiveCfg = Release|x64
		{134BACC4-706D-4CBE-8D0B-389BC3F70CEC}.Release|x64.Build.0 = Release|x64
		{134BACC4-706D-4CBE-8D0B-389BC3F70CEC}.Release|x86.ActiveCfg = Release|Win32
		{134BACC4-706D-4CBE-8D0B-389BC3F70CEC}.Release|x86.Build.0 = Release|Win32
		{0D7E3927-F7A6-4081-91FC-6C4B72B5B6C5}.Debug|x64.ActiveCfg = Debug|x64
		{0D7E3927-F7A6-4081-91FC-6C4B72B5B6C5}.Debug|x64.Build.0 = Debug|x64
		{0D7E3927-F7A6-4081-91FC-6C4B72B5B6C5}.Debug|x86.ActiveCfg = Debug|Win32
		{0D7E3927-F7A6-4081-91FC-6C4B72B5B6C5}.Debug|x86.Build.0 = Debug|Win32
		{0D7E3927-F7A6-4081-91FC-6C4B72B5B6C5}.Release|x64.ActiveCfg = Release|x64
		{0D7E3927-F7A6-4081-91FC-6C4B72B5B6C5}.Release|x64.Build.0 = Release|x64
		{0D7E3927-F7A6-4081-91FC-6C4B72B5B6C5}.Release|x86.ActiveCfg = Release|Win32
		{0D7E3927-F7A6-4081-91FC-6C4B72B5B6C5}.Release|x86.Build.0 = Release|Win32
		{A1F2B209-C95C-40AA-929B-CF88F9628288}.Debug|x64.ActiveCfg = Debug|x64
		{A1F2B209-C95C-40AA-929B-CF88F9628288}.Debug|x64.Build.0 = Debug|x64
		{A1F2B209-C95C-40AA-929B-CF88F9628288}.Debug|x86.ActiveCfg = Debug|Win32
		{A1F2B209-C95C-40AA-929B-CF88F9628288}.Debug|x86.Build.0 = Debug|Win32
		{A1F2B209-C95C-40AA-929B-CF88F9628288}.Release|x64.ActiveCfg = Release|x64
		{A1F2B209-C95C-40AA-929B-CF88F9628288}.Release|x64.Build.0 = Release|x64
		{A1F2B209-C95C-40AA-929B-CF88F9628288}.Release|x86.ActiveCfg = Release|Win32
		{A1F2B209-C95C-40AA-929B-CF88F9628288}.Release|x86.Build.0 = Release|Win32
	EndGlobalSection
	GlobalSection(SolutionProperties) = preSolution
		HideSolutionNode = FALSE
	EndGlobalSection
	GlobalSection(ExtensibilityGlobals) = postSolution
		SolutionGuid = {9439868C-D0A8-48DD-B7FD-46E0FF5B6137}
	EndGlobalSection
EndGlobal
